
Microsoft Visual Studio Solution File, Format Version 12.00
Project("{FAE04EC0-301F-11D3-BF4B-00C04F79EFBC}") = "WeatherApp", "WeatherApp.csproj", "{05E10DB3-15CC-441A-A28E-3C699B783B8A}"
EndProject
Global
	GlobalSection(SolutionConfigurationPlatforms) = preSolution
		Debug|Any CPU = Debug|Any CPU
		Release|Any CPU = Release|Any CPU
	EndGlobalSection
	GlobalSection(ProjectConfigurationPlatforms) = postSolution
		{05E10DB3-15CC-441A-A28E-3C699B783B8A}.Debug|Any CPU.ActiveCfg = Debug|Any CPU
		{05E10DB3-15CC-441A-A28E-3C699B783B8A}.Debug|Any CPU.Build.0 = Debug|Any CPU
		{05E10DB3-15CC-441A-A28E-3C699B783B8A}.Release|Any CPU.ActiveCfg = Release|Any CPU
		{05E10DB3-15CC-441A-A28E-3C699B783B8A}.Release|Any CPU.Build.0 = Release|Any CPU
	EndGlobalSection
EndGlobal
